<?xml version="1.0" encoding="utf-8"?>
<Project ToolsVersion="4.0" xmlns="http://schemas.microsoft.com/developer/msbuild/2003">
  <ItemGroup>
    <Filter Include="Source Files">
      <UniqueIdentifier>{D94AD4C5-62A3-4EA2-8F1C-2B5D3B623501}</UniqueIdentifier>
    </Filter>
    <Filter Include="Header Files">
      <UniqueIdentifier>{D94AD4C5-62A3-4EA2-8F1C-2B5D3B623502}</UniqueIdentifier>
    </Filter>
    <Filter Include="Shaders">
      <UniqueIdentifier>{D94AD4C5-62A3-4EA2-8F1C-2B5D3B623503}</UniqueIdentifier>
    </Filter>
    <Filter Include="imgui">
      <UniqueIdentifier>{D94AD4C5-62A3-4EA2-8F1C-2B5D3B623504}</UniqueIdentifier>
    </Filter>
    <Filter Include="imgui\Source Files">
      <UniqueIdentifier>{D94AD4C5-62A3-4EA2-8F1C-2B5D3B623505}</UniqueIdentifier>
    </Filter>
    <Filter Include="imgui\Header Files">
      <UniqueIdentifier>{D94AD4C5-62A3-4EA2-8F1C-2B5D3B623506}</UniqueIdentifier>
    </Filter>
  </ItemGroup>
  <ItemGroup>
    <ClInclude Include="BistroExteriorPathtracingD3D12.h"><Filter>Header Files</Filter></ClInclude>
    <ClInclude Include="..\..\Common\BistroCamera.h"><Filter>Header Files</Filter></ClInclude>
    <ClInclude Include="..\..\Common\BistroScene.h"><Filter>Header Files</Filter></ClInclude>
    <ClInclude Include="..\..\Common\BistroTexture.h"><Filter>Header Files</Filter></ClInclude>
    <ClInclude Include="DXSample.h"><Filter>Header Files</Filter></ClInclude>
    <ClInclude Include="DXSampleHelper.h"><Filter>Header Files</Filter></ClInclude>
    <ClInclude Include="stdafx.h"><Filter>Header Files</Filter></ClInclude>
    <ClInclude Include="Win32Application.h"><Filter>Header Files</Filter></ClInclude>
    <ClInclude Include="$(CodexdRepoRoot)ThirdParty\imgui\imconfig.h"><Filter>imgui\Header Files</Filter></ClInclude>
    <ClInclude Include="$(CodexdRepoRoot)ThirdParty\imgui\imgui.h"><Filter>imgui\Header Files</Filter></ClInclude>
    <ClInclude Include="$(CodexdRepoRoot)ThirdParty\imgui\imgui_internal.h"><Filter>imgui\Header Files</Filter></ClInclude>
    <ClInclude Include="$(CodexdRepoRoot)ThirdParty\imgui\backends\imgui_impl_dx12.h"><Filter>imgui\Header Files</Filter></ClInclude>
    <ClInclude Include="$(CodexdRepoRoot)ThirdParty\imgui\backends\imgui_impl_win32.h"><Filter>imgui\Header Files</Filter></ClInclude>
  </ItemGroup>
  <ItemGroup>
    <ClCompile Include="BistroExteriorPathtracingD3D12.cpp"><Filter>Source Files</Filter></ClCompile>
    <ClCompile Include="..\..\Common\BistroCamera.cpp"><Filter>Source Files</Filter></ClCompile>
    <ClCompile Include="..\..\Common\BistroScene.cpp"><Filter>Source Files</Filter></ClCompile>
    <ClCompile Include="..\..\Common\BistroTexture.cpp"><Filter>Source Files</Filter></ClCompile>
    <ClCompile Include="DXSample.cpp"><Filter>Source Files</Filter></ClCompile>
    <ClCompile Include="Main.cpp"><Filter>Source Files</Filter></ClCompile>
    <ClCompile Include="stdafx.cpp"><Filter>Source Files</Filter></ClCompile>
    <ClCompile Include="Win32Application.cpp"><Filter>Source Files</Filter></ClCompile>
    <ClCompile Include="$(CodexdRepoRoot)ThirdParty\imgui\imgui.cpp"><Filter>imgui\Source Files</Filter></ClCompile>
    <ClCompile Include="$(CodexdRepoRoot)ThirdParty\imgui\imgui_draw.cpp"><Filter>imgui\Source Files</Filter></ClCompile>
    <ClCompile Include="$(CodexdRepoRoot)ThirdParty\imgui\imgui_tables.cpp"><Filter>imgui\Source Files</Filter></ClCompile>
    <ClCompile Include="$(CodexdRepoRoot)ThirdParty\imgui\imgui_widgets.cpp"><Filter>imgui\Source Files</Filter></ClCompile>
    <ClCompile Include="$(CodexdRepoRoot)ThirdParty\imgui\backends\imgui_impl_dx12.cpp"><Filter>imgui\Source Files</Filter></ClCompile>
    <ClCompile Include="$(CodexdRepoRoot)ThirdParty\imgui\backends\imgui_impl_win32.cpp"><Filter>imgui\Source Files</Filter></ClCompile>
  </ItemGroup>
  <ItemGroup>
    <CustomBuild Include="..\..\Shaders\BistroExteriorPathtracing.hlsl"><Filter>Shaders</Filter></CustomBuild>
    <CustomBuild Include="..\..\Shaders\BistroExteriorPathtracingDenoise.hlsl"><Filter>Shaders</Filter></CustomBuild>
  </ItemGroup>
</Project>
