<?xml version="1.0" encoding="utf-8"?>
<Project ToolsVersion="4.0" xmlns="http://schemas.microsoft.com/developer/msbuild/2003">
  <ItemGroup>
    <Filter Include="Source Files">
      <UniqueIdentifier>{DB5308F4-F95C-4CA6-B2D2-3E11EC00D801}</UniqueIdentifier>
    </Filter>
    <Filter Include="Header Files">
      <UniqueIdentifier>{DB5308F4-F95C-4CA6-B2D2-3E11EC00D802}</UniqueIdentifier>
    </Filter>
    <Filter Include="Shaders">
      <UniqueIdentifier>{DB5308F4-F95C-4CA6-B2D2-3E11EC00D803}</UniqueIdentifier>
    </Filter>
    <Filter Include="imgui">
      <UniqueIdentifier>{DB5308F4-F95C-4CA6-B2D2-3E11EC00D804}</UniqueIdentifier>
    </Filter>
    <Filter Include="imgui\Source Files">
      <UniqueIdentifier>{DB5308F4-F95C-4CA6-B2D2-3E11EC00D805}</UniqueIdentifier>
    </Filter>
    <Filter Include="imgui\Header Files">
      <UniqueIdentifier>{DB5308F4-F95C-4CA6-B2D2-3E11EC00D806}</UniqueIdentifier>
    </Filter>
  </ItemGroup>
  <ItemGroup>
    <ClInclude Include="..\..\Vulkan\Source\BistroExteriorPathtracingVulkan.h"><Filter>Header Files</Filter></ClInclude>
    <ClInclude Include="..\..\Common\BistroCamera.h"><Filter>Header Files</Filter></ClInclude>
    <ClInclude Include="..\..\Common\BistroScene.h"><Filter>Header Files</Filter></ClInclude>
    <ClInclude Include="..\..\Common\BistroTexture.h"><Filter>Header Files</Filter></ClInclude>
    <ClInclude Include="$(CodexdRepoRoot)ThirdParty\imgui\imconfig.h"><Filter>imgui\Header Files</Filter></ClInclude>
    <ClInclude Include="$(CodexdRepoRoot)ThirdParty\imgui\imgui.h"><Filter>imgui\Header Files</Filter></ClInclude>
    <ClInclude Include="$(CodexdRepoRoot)ThirdParty\imgui\imgui_internal.h"><Filter>imgui\Header Files</Filter></ClInclude>
    <ClInclude Include="$(CodexdRepoRoot)ThirdParty\imgui\backends\imgui_impl_vulkan.h"><Filter>imgui\Header Files</Filter></ClInclude>
    <ClInclude Include="$(CodexdRepoRoot)ThirdParty\imgui\backends\imgui_impl_win32.h"><Filter>imgui\Header Files</Filter></ClInclude>
  </ItemGroup>
  <ItemGroup>
    <ClCompile Include="..\..\Vulkan\Source\BistroExteriorPathtracingVulkan.cpp"><Filter>Source Files</Filter></ClCompile>
    <ClCompile Include="..\..\Common\BistroCamera.cpp"><Filter>Source Files</Filter></ClCompile>
    <ClCompile Include="..\..\Common\BistroScene.cpp"><Filter>Source Files</Filter></ClCompile>
    <ClCompile Include="..\..\Common\BistroTexture.cpp"><Filter>Source Files</Filter></ClCompile>
    <ClCompile Include="Main.cpp"><Filter>Source Files</Filter></ClCompile>
    <ClCompile Include="$(CodexdRepoRoot)ThirdParty\imgui\imgui.cpp"><Filter>imgui\Source Files</Filter></ClCompile>
    <ClCompile Include="$(CodexdRepoRoot)ThirdParty\imgui\imgui_draw.cpp"><Filter>imgui\Source Files</Filter></ClCompile>
    <ClCompile Include="$(CodexdRepoRoot)ThirdParty\imgui\imgui_tables.cpp"><Filter>imgui\Source Files</Filter></ClCompile>
    <ClCompile Include="$(CodexdRepoRoot)ThirdParty\imgui\imgui_widgets.cpp"><Filter>imgui\Source Files</Filter></ClCompile>
    <ClCompile Include="$(CodexdRepoRoot)ThirdParty\imgui\backends\imgui_impl_vulkan.cpp"><Filter>imgui\Source Files</Filter></ClCompile>
    <ClCompile Include="$(CodexdRepoRoot)ThirdParty\imgui\backends\imgui_impl_win32.cpp"><Filter>imgui\Source Files</Filter></ClCompile>
  </ItemGroup>
  <ItemGroup>
    <CustomBuild Include="..\..\Shaders\BistroExteriorPathtracingReSTIR.hlsl"><Filter>Shaders</Filter></CustomBuild>
    <CustomBuild Include="..\..\Shaders\BistroExteriorPathtracingReSTIRResolve.hlsl"><Filter>Shaders</Filter></CustomBuild>
    <CustomBuild Include="..\..\Shaders\BistroExteriorPathtracingDenoise.hlsl"><Filter>Shaders</Filter></CustomBuild>
  </ItemGroup>
</Project>
