<?xml version="1.0" encoding="utf-8"?>
<Project ToolsVersion="4.0" xmlns="http://schemas.microsoft.com/developer/msbuild/2003">
  <ItemGroup>
    <Filter Include="Source Files">
      <UniqueIdentifier>{C3C1DE1B-6F4B-4AA8-9E36-94B52F123519}</UniqueIdentifier>
    </Filter>
    <Filter Include="Header Files">
      <UniqueIdentifier>{507C9291-787C-47A7-A89D-6F6738423BF7}</UniqueIdentifier>
    </Filter>
    <Filter Include="Shaders">
      <UniqueIdentifier>{632A281A-5E78-4C69-A009-F03FB88A12C0}</UniqueIdentifier>
    </Filter>
    <Filter Include="imgui">
      <UniqueIdentifier>{384DCBC0-9270-40E3-B134-3CDB8CCFF8FD}</UniqueIdentifier>
    </Filter>
    <Filter Include="imgui\Source Files">
      <UniqueIdentifier>{14333E69-8C90-44A9-93AE-8D07B1B13D5B}</UniqueIdentifier>
    </Filter>
    <Filter Include="imgui\Header Files">
      <UniqueIdentifier>{C2B2942C-84DC-49FD-A963-CC7FBA391A43}</UniqueIdentifier>
    </Filter>
  </ItemGroup>
  <ItemGroup>
    <ClInclude Include="BistroExteriorMeshShaderShadowVulkan.h"><Filter>Header Files</Filter></ClInclude>
    <ClInclude Include="..\..\Common\BistroCamera.h"><Filter>Header Files</Filter></ClInclude>
    <ClInclude Include="..\..\Common\BistroScene.h"><Filter>Header Files</Filter></ClInclude>
    <ClInclude Include="..\..\Common\BistroTexture.h"><Filter>Header Files</Filter></ClInclude>
    <ClInclude Include="$(CodexdRepoRoot)ThirdParty\imgui\imconfig.h"><Filter>imgui\Header Files</Filter></ClInclude>
    <ClInclude Include="$(CodexdRepoRoot)ThirdParty\imgui\imgui.h"><Filter>imgui\Header Files</Filter></ClInclude>
    <ClInclude Include="$(CodexdRepoRoot)ThirdParty\imgui\imgui_internal.h"><Filter>imgui\Header Files</Filter></ClInclude>
    <ClInclude Include="$(CodexdRepoRoot)ThirdParty\imgui\backends\imgui_impl_vulkan.h"><Filter>imgui\Header Files</Filter></ClInclude>
    <ClInclude Include="$(CodexdRepoRoot)ThirdParty\imgui\backends\imgui_impl_win32.h"><Filter>imgui\Header Files</Filter></ClInclude>
  </ItemGroup>
  <ItemGroup>
    <ClCompile Include="BistroExteriorMeshShaderShadowVulkan.cpp"><Filter>Source Files</Filter></ClCompile>
    <ClCompile Include="..\..\Common\BistroCamera.cpp"><Filter>Source Files</Filter></ClCompile>
    <ClCompile Include="..\..\Common\BistroScene.cpp"><Filter>Source Files</Filter></ClCompile>
    <ClCompile Include="..\..\Common\BistroTexture.cpp"><Filter>Source Files</Filter></ClCompile>
    <ClCompile Include="Main.cpp"><Filter>Source Files</Filter></ClCompile>
    <ClCompile Include="$(CodexdRepoRoot)ThirdParty\imgui\imgui.cpp"><Filter>imgui\Source Files</Filter></ClCompile>
    <ClCompile Include="$(CodexdRepoRoot)ThirdParty\imgui\imgui_draw.cpp"><Filter>imgui\Source Files</Filter></ClCompile>
    <ClCompile Include="$(CodexdRepoRoot)ThirdParty\imgui\imgui_tables.cpp"><Filter>imgui\Source Files</Filter></ClCompile>
    <ClCompile Include="$(CodexdRepoRoot)ThirdParty\imgui\imgui_widgets.cpp"><Filter>imgui\Source Files</Filter></ClCompile>
    <ClCompile Include="$(CodexdRepoRoot)ThirdParty\imgui\backends\imgui_impl_vulkan.cpp"><Filter>imgui\Source Files</Filter></ClCompile>
    <ClCompile Include="$(CodexdRepoRoot)ThirdParty\imgui\backends\imgui_impl_win32.cpp"><Filter>imgui\Source Files</Filter></ClCompile>
  </ItemGroup>
  <ItemGroup>
    <CustomBuild Include="..\..\Shaders\BistroExteriorMeshShaderShadow.hlsl"><Filter>Shaders</Filter></CustomBuild>
  </ItemGroup>
</Project>
